
Microsoft Visual Studio Solution File, Format Version 12.00
# Visual Studio Version 17
VisualStudioVersion = 17.3.32811.315
MinimumVisualStudioVersion = 10.0.40219.1
Project("{FAE04EC0-301F-11D3-BF4B-00C04F79EFBC}") = "GrateAvarage", "GrateAvarage.csproj", "{781777D6-6FBB-4D76-AC39-BA53AB1A154B}"
EndProject
Global
	GlobalSection(SolutionConfigurationPlatforms) = preSolution
		Debug|Any CPU = Debug|Any CPU
		Release|Any CPU = Release|Any CPU
	EndGlobalSection
	GlobalSection(ProjectConfigurationPlatforms) = postSolution
		{781777D6-6FBB-4D76-AC39-BA53AB1A154B}.Debug|Any CPU.ActiveCfg = Debug|Any CPU
		{781777D6-6FBB-4D76-AC39-BA53AB1A154B}.Debug|Any CPU.Build.0 = Debug|Any CPU
		{781777D6-6FBB-4D76-AC39-BA53AB1A154B}.Release|Any CPU.ActiveCfg = Release|Any CPU
		{781777D6-6FBB-4D76-AC39-BA53AB1A154B}.Release|Any CPU.Build.0 = Release|Any CPU
	EndGlobalSection
	GlobalSection(SolutionProperties) = preSolution
		HideSolutionNode = FALSE
	EndGlobalSection
	GlobalSection(ExtensibilityGlobals) = postSolution
		SolutionGuid = {B806518C-35FF-42D1-BD33-C226E2352862}
	EndGlobalSection
EndGlobal
